
Microsoft Visual Studio Solution File, Format Version 12.00
# Visual Studio Version 16
VisualStudioVersion = 16.0.34601.136
MinimumVisualStudioVersion = 10.0.40219.1
Project("{FAE04EC0-301F-11D3-BF4B-00C04F79EFBC}") = "VVT.API", "src\VVT.API\VVT.API.csproj", "{BDAEA1BD-BBB7-4620-948C-1F31CD457B4D}"
EndProject
Project("{FAE04EC0-301F-11D3-BF4B-00C04F79EFBC}") = "VVT.DOMAIN", "src\VVT.DOMAIN\VVT.DOMAIN.csproj", "{3B77CE46-A858-4BAD-8831-4810368F0732}"
EndProject
Project("{FAE04EC0-301F-11D3-BF4B-00C04F79EFBC}") = "VVT.INFRASTRUCTURE", "VVT.INFRASTRUCTURE\VVT.INFRASTRUCTURE.csproj", "{8A756EA1-A638-4562-9CBD-5B43865CBF67}"
EndProject
Project("{2150E333-8FDC-42A3-9474-1A3956D46DE8}") = "tests", "tests", "{60CFC905-D0C9-4D27-A3F2-AF2D57F28A61}"
EndProject
Global
	GlobalSection(SolutionConfigurationPlatforms) = preSolution
		Debug|Any CPU = Debug|Any CPU
		Release|Any CPU = Release|Any CPU
	EndGlobalSection
	GlobalSection(ProjectConfigurationPlatforms) = postSolution
		{BDAEA1BD-BBB7-4620-948C-1F31CD457B4D}.Debug|Any CPU.ActiveCfg = Debug|Any CPU
		{BDAEA1BD-BBB7-4620-948C-1F31CD457B4D}.Debug|Any CPU.Build.0 = Debug|Any CPU
		{BDAEA1BD-BBB7-4620-948C-1F31CD457B4D}.Release|Any CPU.ActiveCfg = Release|Any CPU
		{BDAEA1BD-BBB7-4620-948C-1F31CD457B4D}.Release|Any CPU.Build.0 = Release|Any CPU
		{3B77CE46-A858-4BAD-8831-4810368F0732}.Debug|Any CPU.ActiveCfg = Debug|Any CPU
		{3B77CE46-A858-4BAD-8831-4810368F0732}.Debug|Any CPU.Build.0 = Debug|Any CPU
		{3B77CE46-A858-4BAD-8831-4810368F0732}.Release|Any CPU.ActiveCfg = Release|Any CPU
		{3B77CE46-A858-4BAD-8831-4810368F0732}.Release|Any CPU.Build.0 = Release|Any CPU
		{8A756EA1-A638-4562-9CBD-5B43865CBF67}.Debug|Any CPU.ActiveCfg = Debug|Any CPU
		{8A756EA1-A638-4562-9CBD-5B43865CBF67}.Debug|Any CPU.Build.0 = Debug|Any CPU
		{8A756EA1-A638-4562-9CBD-5B43865CBF67}.Release|Any CPU.ActiveCfg = Release|Any CPU
		{8A756EA1-A638-4562-9CBD-5B43865CBF67}.Release|Any CPU.Build.0 = Release|Any CPU
	EndGlobalSection
	GlobalSection(SolutionProperties) = preSolution
		HideSolutionNode = FALSE
	EndGlobalSection
	GlobalSection(ExtensibilityGlobals) = postSolution
		SolutionGuid = {AC2F9A52-6D19-45F1-96CE-9624E23FF106}
	EndGlobalSection
EndGlobal
